
Microsoft Visual Studio Solution File, Format Version 12.00
# Visual Studio 15
VisualStudioVersion = 15.0.27130.2036
MinimumVisualStudioVersion = 10.0.40219.1
Project("{9A19103F-16F7-4668-BE54-9A1E7A4F7556}") = "StaffDirectory", "StaffDirectory.csproj", "{DAC5948F-7700-4CEF-AFCE-BD77D4540744}"
EndProject
Global
	GlobalSection(SolutionConfigurationPlatforms) = preSolution
		Debug|Any CPU = Debug|Any CPU
		Release|Any CPU = Release|Any CPU
	EndGlobalSection
	GlobalSection(ProjectConfigurationPlatforms) = postSolution
		{DAC5948F-7700-4CEF-AFCE-BD77D4540744}.Debug|Any CPU.ActiveCfg = Debug|Any CPU
		{DAC5948F-7700-4CEF-AFCE-BD77D4540744}.Debug|Any CPU.Build.0 = Debug|Any CPU
		{DAC5948F-7700-4CEF-AFCE-BD77D4540744}.Release|Any CPU.ActiveCfg = Release|Any CPU
		{DAC5948F-7700-4CEF-AFCE-BD77D4540744}.Release|Any CPU.Build.0 = Release|Any CPU
	EndGlobalSection
	GlobalSection(SolutionProperties) = preSolution
		HideSolutionNode = FALSE
	EndGlobalSection
	GlobalSection(ExtensibilityGlobals) = postSolution
		SolutionGuid = {6163EE99-DABE-4AB2-A240-5623DC98CDA0}
	EndGlobalSection
EndGlobal
